<?xml version="1.0" encoding="utf-8"?>
<Project ToolsVersion="4.0" xmlns="http://schemas.microsoft.com/developer/msbuild/2003">
  <ItemGroup>
    <Filter Include="Header Files">
      <UniqueIdentifier>{93995380-89BD-4b04-88EB-625FBE52EBFB}</UniqueIdentifier>
      <Extensions>h;hh;hpp;hxx;hm;inl;inc;xsd</Extensions>
    </Filter>
    <Filter Include="Header Files\Algorithm">
      <UniqueIdentifier>{cf9dddc7-01c8-44d8-b795-c666a583d91a}</UniqueIdentifier>
    </Filter>
    <Filter Include="Header Files\Algorithm\Random">
      <UniqueIdentifier>{e27d5944-e876-4c91-a287-26ccf4bbccb5}</UniqueIdentifier>
    </Filter>
    <Filter Include="Header Files\emscripten">
      <UniqueIdentifier>{a1dcb72a-55ef-43d1-9da8-72e575c73152}</UniqueIdentifier>
    </Filter>
    <Filter Include="Header Files\Geometry">
      <UniqueIdentifier>{c1fbed27-ee35-4425-9d3b-515d665887ef}</UniqueIdentifier>
    </Filter>
    <Filter Include="Header Files\Math">
      <UniqueIdentifier>{19d3ca6c-2591-4c61-ae16-3f344b663685}</UniqueIdentifier>
    </Filter>
  </ItemGroup>
  <ItemGroup>
    <ClInclude Include="..\..\include\Math\assume.h">
      <Filter>Header Files\Math</Filter>
    </ClInclude>
    <ClInclude Include="..\..\include\Math\BitOps.h">
      <Filter>Header Files\Math</Filter>
    </ClInclude>
    <ClInclude Include="..\..\include\Math\Callstack.h">
      <Filter>Header Files\Math</Filter>
    </ClInclude>
    <ClInclude Include="..\..\include\Math\FixedPoint.h">
      <Filter>Header Files\Math</Filter>
    </ClInclude>
    <ClInclude Include="..\..\include\Math\float2.h">
      <Filter>Header Files\Math</Filter>
    </ClInclude>
    <ClInclude Include="..\..\include\Math\float3.h">
      <Filter>Header Files\Math</Filter>
    </ClInclude>
    <ClInclude Include="..\..\include\Math\float3x3.h">
      <Filter>Header Files\Math</Filter>
    </ClInclude>
    <ClInclude Include="..\..\include\Math\float3x4.h">
      <Filter>Header Files\Math</Filter>
    </ClInclude>
    <ClInclude Include="..\..\include\Math\float4.h">
      <Filter>Header Files\Math</Filter>
    </ClInclude>
    <ClInclude Include="..\..\include\Math\float4d.h">
      <Filter>Header Files\Math</Filter>
    </ClInclude>
    <ClInclude Include="..\..\include\Math\float4x4.h">
      <Filter>Header Files\Math</Filter>
    </ClInclude>
    <ClInclude Include="..\..\include\Math\float4x4_neon.h">
      <Filter>Header Files\Math</Filter>
    </ClInclude>
    <ClInclude Include="..\..\include\Math\float4x4_sse.h">
      <Filter>Header Files\Math</Filter>
    </ClInclude>
    <ClInclude Include="..\..\include\Math\float4_neon.h">
      <Filter>Header Files\Math</Filter>
    </ClInclude>
    <ClInclude Include="..\..\include\Math\float4_sse.h">
      <Filter>Header Files\Math</Filter>
    </ClInclude>
    <ClInclude Include="..\..\include\Math\FloatCmp.h">
      <Filter>Header Files\Math</Filter>
    </ClInclude>
    <ClInclude Include="..\..\include\Math\grisu3.h">
      <Filter>Header Files\Math</Filter>
    </ClInclude>
    <ClInclude Include="..\..\include\Math\InclWindows.h">
      <Filter>Header Files\Math</Filter>
    </ClInclude>
    <ClInclude Include="..\..\include\Math\MathAll.h">
      <Filter>Header Files\Math</Filter>
    </ClInclude>
    <ClInclude Include="..\..\include\Math\MathConstants.h">
      <Filter>Header Files\Math</Filter>
    </ClInclude>
    <ClInclude Include="..\..\include\Math\MathFunc.h">
      <Filter>Header Files\Math</Filter>
    </ClInclude>
    <ClInclude Include="..\..\include\Math\MathLog.h">
      <Filter>Header Files\Math</Filter>
    </ClInclude>
    <ClInclude Include="..\..\include\Math\MathNamespace.h">
      <Filter>Header Files\Math</Filter>
    </ClInclude>
    <ClInclude Include="..\..\include\Math\MathTypes.h">
      <Filter>Header Files\Math</Filter>
    </ClInclude>
    <ClInclude Include="..\..\include\Math\MatrixProxy.h">
      <Filter>Header Files\Math</Filter>
    </ClInclude>
    <ClInclude Include="..\..\include\Math\myassert.h">
      <Filter>Header Files\Math</Filter>
    </ClInclude>
    <ClInclude Include="..\..\include\Math\Polynomial.h">
      <Filter>Header Files\Math</Filter>
    </ClInclude>
    <ClInclude Include="..\..\include\Math\Quat.h">
      <Filter>Header Files\Math</Filter>
    </ClInclude>
    <ClInclude Include="..\..\include\Math\quat_simd.h">
      <Filter>Header Files\Math</Filter>
    </ClInclude>
    <ClInclude Include="..\..\include\Math\Rect.h">
      <Filter>Header Files\Math</Filter>
    </ClInclude>
    <ClInclude Include="..\..\include\Math\Reinterpret.h">
      <Filter>Header Files\Math</Filter>
    </ClInclude>
    <ClInclude Include="..\..\include\Math\simd.h">
      <Filter>Header Files\Math</Filter>
    </ClInclude>
    <ClInclude Include="..\..\include\Math\SSEMath.h">
      <Filter>Header Files\Math</Filter>
    </ClInclude>
    <ClInclude Include="..\..\include\Math\sse_mathfun.h">
      <Filter>Header Files\Math</Filter>
    </ClInclude>
    <ClInclude Include="..\..\include\Math\TransformOps.h">
      <Filter>Header Files\Math</Filter>
    </ClInclude>
    <ClInclude Include="..\..\include\MathBuildConfig.h">
      <Filter>Header Files</Filter>
    </ClInclude>
    <ClInclude Include="..\..\include\MathGeoLib.h">
      <Filter>Header Files</Filter>
    </ClInclude>
    <ClInclude Include="..\..\include\MathGeoLibFwd.h">
      <Filter>Header Files</Filter>
    </ClInclude>
    <ClInclude Include="..\..\include\Geometry\AABB.h">
      <Filter>Header Files\Geometry</Filter>
    </ClInclude>
    <ClInclude Include="..\..\include\Geometry\AABB2D.h">
      <Filter>Header Files\Geometry</Filter>
    </ClInclude>
    <ClInclude Include="..\..\include\Geometry\Capsule.h">
      <Filter>Header Files\Geometry</Filter>
    </ClInclude>
    <ClInclude Include="..\..\include\Geometry\Circle.h">
      <Filter>Header Files\Geometry</Filter>
    </ClInclude>
    <ClInclude Include="..\..\include\Geometry\Frustum.h">
      <Filter>Header Files\Geometry</Filter>
    </ClInclude>
    <ClInclude Include="..\..\include\Geometry\GeometryAll.h">
      <Filter>Header Files\Geometry</Filter>
    </ClInclude>
    <ClInclude Include="..\..\include\Geometry\GeomType.h">
      <Filter>Header Files\Geometry</Filter>
    </ClInclude>
    <ClInclude Include="..\..\include\Geometry\HitInfo.h">
      <Filter>Header Files\Geometry</Filter>
    </ClInclude>
    <ClInclude Include="..\..\include\Geometry\KDTree.h">
      <Filter>Header Files\Geometry</Filter>
    </ClInclude>
    <ClInclude Include="..\..\include\Geometry\Line.h">
      <Filter>Header Files\Geometry</Filter>
    </ClInclude>
    <ClInclude Include="..\..\include\Geometry\LineSegment.h">
      <Filter>Header Files\Geometry</Filter>
    </ClInclude>
    <ClInclude Include="..\..\include\Geometry\OBB.h">
      <Filter>Header Files\Geometry</Filter>
    </ClInclude>
    <ClInclude Include="..\..\include\Geometry\PBVolume.h">
      <Filter>Header Files\Geometry</Filter>
    </ClInclude>
    <ClInclude Include="..\..\include\Geometry\Plane.h">
      <Filter>Header Files\Geometry</Filter>
    </ClInclude>
    <ClInclude Include="..\..\include\Geometry\Polygon.h">
      <Filter>Header Files\Geometry</Filter>
    </ClInclude>
    <ClInclude Include="..\..\include\Geometry\Polyhedron.h">
      <Filter>Header Files\Geometry</Filter>
    </ClInclude>
    <ClInclude Include="..\..\include\Geometry\QuadTree.h">
      <Filter>Header Files\Geometry</Filter>
    </ClInclude>
    <ClInclude Include="..\..\include\Geometry\Ray.h">
      <Filter>Header Files\Geometry</Filter>
    </ClInclude>
    <ClInclude Include="..\..\include\Geometry\Sphere.h">
      <Filter>Header Files\Geometry</Filter>
    </ClInclude>
    <ClInclude Include="..\..\include\Geometry\Triangle.h">
      <Filter>Header Files\Geometry</Filter>
    </ClInclude>
    <ClInclude Include="..\..\include\Geometry\TriangleMesh.h">
      <Filter>Header Files\Geometry</Filter>
    </ClInclude>
    <ClInclude Include="..\..\include\emscripten\library_system.h">
      <Filter>Header Files\emscripten</Filter>
    </ClInclude>
    <ClInclude Include="..\..\include\Algorithm\GJK.h">
      <Filter>Header Files\Algorithm</Filter>
    </ClInclude>
    <ClInclude Include="..\..\include\Algorithm\SAT.h">
      <Filter>Header Files\Algorithm</Filter>
    </ClInclude>
    <ClInclude Include="..\..\include\Algorithm\Random\LCG.h">
      <Filter>Header Files\Algorithm\Random</Filter>
    </ClInclude>
  </ItemGroup>
  <ItemGroup>
    <ClCompile Include="..\..\include\Math\BitOps.cpp">
      <Filter>Header Files\Math</Filter>
    </ClCompile>
    <ClCompile Include="..\..\include\Math\Callstack.cpp">
      <Filter>Header Files\Math</Filter>
    </ClCompile>
    <ClCompile Include="..\..\include\Math\float2.cpp">
      <Filter>Header Files\Math</Filter>
    </ClCompile>
    <ClCompile Include="..\..\include\Math\float3.cpp">
      <Filter>Header Files\Math</Filter>
    </ClCompile>
    <ClCompile Include="..\..\include\Math\float3x3.cpp">
      <Filter>Header Files\Math</Filter>
    </ClCompile>
    <ClCompile Include="..\..\include\Math\float3x4.cpp">
      <Filter>Header Files\Math</Filter>
    </ClCompile>
    <ClCompile Include="..\..\include\Math\float4.cpp">
      <Filter>Header Files\Math</Filter>
    </ClCompile>
    <ClCompile Include="..\..\include\Math\float4d.cpp">
      <Filter>Header Files\Math</Filter>
    </ClCompile>
    <ClCompile Include="..\..\include\Math\float4x4.cpp">
      <Filter>Header Files\Math</Filter>
    </ClCompile>
    <ClCompile Include="..\..\include\Math\grisu3.c">
      <Filter>Header Files\Math</Filter>
    </ClCompile>
    <ClCompile Include="..\..\include\Math\grisu3_cpp.cpp">
      <Filter>Header Files\Math</Filter>
    </ClCompile>
    <ClCompile Include="..\..\include\Math\MathFunc.cpp">
      <Filter>Header Files\Math</Filter>
    </ClCompile>
    <ClCompile Include="..\..\include\Math\MathLog.cpp">
      <Filter>Header Files\Math</Filter>
    </ClCompile>
    <ClCompile Include="..\..\include\Math\MathOps.cpp">
      <Filter>Header Files\Math</Filter>
    </ClCompile>
    <ClCompile Include="..\..\include\Math\Polynomial.cpp">
      <Filter>Header Files\Math</Filter>
    </ClCompile>
    <ClCompile Include="..\..\include\Math\Quat.cpp">
      <Filter>Header Files\Math</Filter>
    </ClCompile>
    <ClCompile Include="..\..\include\Math\SSEMath.cpp">
      <Filter>Header Files\Math</Filter>
    </ClCompile>
    <ClCompile Include="..\..\include\Math\TransformOps.cpp">
      <Filter>Header Files\Math</Filter>
    </ClCompile>
    <ClCompile Include="..\..\include\Geometry\AABB.cpp">
      <Filter>Header Files\Geometry</Filter>
    </ClCompile>
    <ClCompile Include="..\..\include\Geometry\Capsule.cpp">
      <Filter>Header Files\Geometry</Filter>
    </ClCompile>
    <ClCompile Include="..\..\include\Geometry\Circle.cpp">
      <Filter>Header Files\Geometry</Filter>
    </ClCompile>
    <ClCompile Include="..\..\include\Geometry\Frustum.cpp">
      <Filter>Header Files\Geometry</Filter>
    </ClCompile>
    <ClCompile Include="..\..\include\Geometry\Line.cpp">
      <Filter>Header Files\Geometry</Filter>
    </ClCompile>
    <ClCompile Include="..\..\include\Geometry\LineSegment.cpp">
      <Filter>Header Files\Geometry</Filter>
    </ClCompile>
    <ClCompile Include="..\..\include\Geometry\OBB.cpp">
      <Filter>Header Files\Geometry</Filter>
    </ClCompile>
    <ClCompile Include="..\..\include\Geometry\PBVolume.cpp">
      <Filter>Header Files\Geometry</Filter>
    </ClCompile>
    <ClCompile Include="..\..\include\Geometry\Plane.cpp">
      <Filter>Header Files\Geometry</Filter>
    </ClCompile>
    <ClCompile Include="..\..\include\Geometry\Polygon.cpp">
      <Filter>Header Files\Geometry</Filter>
    </ClCompile>
    <ClCompile Include="..\..\include\Geometry\Polyhedron.cpp">
      <Filter>Header Files\Geometry</Filter>
    </ClCompile>
    <ClCompile Include="..\..\include\Geometry\Ray.cpp">
      <Filter>Header Files\Geometry</Filter>
    </ClCompile>
    <ClCompile Include="..\..\include\Geometry\Sphere.cpp">
      <Filter>Header Files\Geometry</Filter>
    </ClCompile>
    <ClCompile Include="..\..\include\Geometry\Triangle.cpp">
      <Filter>Header Files\Geometry</Filter>
    </ClCompile>
    <ClCompile Include="..\..\include\Geometry\TriangleMesh.cpp">
      <Filter>Header Files\Geometry</Filter>
    </ClCompile>
    <ClCompile Include="..\..\include\Algorithm\GJK.cpp">
      <Filter>Header Files\Algorithm</Filter>
    </ClCompile>
    <ClCompile Include="..\..\include\Algorithm\Random\LCG.cpp">
      <Filter>Header Files\Algorithm\Random</Filter>
    </ClCompile>
  </ItemGroup>
  <ItemGroup>
    <None Include="..\..\include\Math\float2.inl">
      <Filter>Header Files\Math</Filter>
    </None>
    <None Include="..\..\include\Math\Matrix.inl">
      <Filter>Header Files\Math</Filter>
    </None>
    <None Include="..\..\include\Geometry\KDTree.inl">
      <Filter>Header Files\Geometry</Filter>
    </None>
    <None Include="..\..\include\Geometry\QuadTree.inl">
      <Filter>Header Files\Geometry</Filter>
    </None>
    <None Include="..\..\include\Geometry\TriangleMesh_IntersectRay_AVX.inl">
      <Filter>Header Files\Geometry</Filter>
    </None>
    <None Include="..\..\include\Geometry\TriangleMesh_IntersectRay_CPP.inl">
      <Filter>Header Files\Geometry</Filter>
    </None>
    <None Include="..\..\include\Geometry\TriangleMesh_IntersectRay_SSE.inl">
      <Filter>Header Files\Geometry</Filter>
    </None>
  </ItemGroup>
</Project>